
Microsoft Visual Studio Solution File, Format Version 12.00
# Visual Studio 15
VisualStudioVersion = 15.0.28307.168
MinimumVisualStudioVersion = 10.0.40219.1
Project("{FAE04EC0-301F-11D3-BF4B-00C04F79EFBC}") = "BenchmarkViewer", "BenchmarkViewer\BenchmarkViewer.csproj", "{B815B161-7E68-4334-BF11-F177F2799F5E}"
EndProject
Global
	GlobalSection(SolutionConfigurationPlatforms) = preSolution
		Debug|Any CPU = Debug|Any CPU
		Release|Any CPU = Release|Any CPU
	EndGlobalSection
	GlobalSection(ProjectConfigurationPlatforms) = postSolution
		{B815B161-7E68-4334-BF11-F177F2799F5E}.Debug|Any CPU.ActiveCfg = Debug|Any CPU
		{B815B161-7E68-4334-BF11-F177F2799F5E}.Debug|Any CPU.Build.0 = Debug|Any CPU
		{B815B161-7E68-4334-BF11-F177F2799F5E}.Release|Any CPU.ActiveCfg = Release|Any CPU
		{B815B161-7E68-4334-BF11-F177F2799F5E}.Release|Any CPU.Build.0 = Release|Any CPU
	EndGlobalSection
	GlobalSection(SolutionProperties) = preSolution
		HideSolutionNode = FALSE
	EndGlobalSection
	GlobalSection(ExtensibilityGlobals) = postSolution
		SolutionGuid = {66B52DCD-3E22-4608-870C-A991B1414725}
	EndGlobalSection
EndGlobal
